
Microsoft Visual Studio Solution File, Format Version 12.00
# Visual Studio Version 17
VisualStudioVersion = 17.13.35931.197 d17.13
MinimumVisualStudioVersion = 10.0.40219.1
Project("{FAE04EC0-301F-11D3-BF4B-00C04F79EFBC}") = "GameZone", "GameZone\GameZone.csproj", "{C469EF99-A3C6-4998-9EB0-35D5FDC70BE7}"
EndProject
Global
	GlobalSection(SolutionConfigurationPlatforms) = preSolution
		Debug|Any CPU = Debug|Any CPU
		Release|Any CPU = Release|Any CPU
	EndGlobalSection
	GlobalSection(ProjectConfigurationPlatforms) = postSolution
		{C469EF99-A3C6-4998-9EB0-35D5FDC70BE7}.Debug|Any CPU.ActiveCfg = Debug|Any CPU
		{C469EF99-A3C6-4998-9EB0-35D5FDC70BE7}.Debug|Any CPU.Build.0 = Debug|Any CPU
		{C469EF99-A3C6-4998-9EB0-35D5FDC70BE7}.Release|Any CPU.ActiveCfg = Release|Any CPU
		{C469EF99-A3C6-4998-9EB0-35D5FDC70BE7}.Release|Any CPU.Build.0 = Release|Any CPU
	EndGlobalSection
	GlobalSection(SolutionProperties) = preSolution
		HideSolutionNode = FALSE
	EndGlobalSection
	GlobalSection(ExtensibilityGlobals) = postSolution
		SolutionGuid = {AA857729-A8A2-4B0C-9F55-B8398DE04478}
	EndGlobalSection
EndGlobal
